
Microsoft Visual Studio Solution File, Format Version 12.00
# Visual Studio Version 17
VisualStudioVersion = 17.0.31903.59
MinimumVisualStudioVersion = 10.0.40219.1
Project("{2150E333-8FDC-42A3-9474-1A3956D46DE8}") = "src", "src", "{C670F48F-0086-425B-A973-1C3DFA9EB550}"
EndProject
Project("{FAE04EC0-301F-11D3-BF4B-00C04F79EFBC}") = "Application", "Application\Application.csproj", "{0B98D893-AEF7-476E-AAE8-2541CFE9DFD7}"
EndProject
Project("{FAE04EC0-301F-11D3-BF4B-00C04F79EFBC}") = "Infrastruture", "Infrastruture\Infrastruture.csproj", "{9A26588B-2315-4A5D-B6E5-5CD6D4A5D5BA}"
EndProject
Project("{FAE04EC0-301F-11D3-BF4B-00C04F79EFBC}") = "Web", "Web\Web.csproj", "{19171D6A-E2FE-4022-A3AE-7D6352BB3250}"
EndProject
Global
	GlobalSection(SolutionConfigurationPlatforms) = preSolution
		Debug|Any CPU = Debug|Any CPU
		Release|Any CPU = Release|Any CPU
	EndGlobalSection
	GlobalSection(ProjectConfigurationPlatforms) = postSolution
		{0B98D893-AEF7-476E-AAE8-2541CFE9DFD7}.Debug|Any CPU.ActiveCfg = Debug|Any CPU
		{0B98D893-AEF7-476E-AAE8-2541CFE9DFD7}.Debug|Any CPU.Build.0 = Debug|Any CPU
		{0B98D893-AEF7-476E-AAE8-2541CFE9DFD7}.Release|Any CPU.ActiveCfg = Release|Any CPU
		{0B98D893-AEF7-476E-AAE8-2541CFE9DFD7}.Release|Any CPU.Build.0 = Release|Any CPU
		{9A26588B-2315-4A5D-B6E5-5CD6D4A5D5BA}.Debug|Any CPU.ActiveCfg = Debug|Any CPU
		{9A26588B-2315-4A5D-B6E5-5CD6D4A5D5BA}.Debug|Any CPU.Build.0 = Debug|Any CPU
		{9A26588B-2315-4A5D-B6E5-5CD6D4A5D5BA}.Release|Any CPU.ActiveCfg = Release|Any CPU
		{9A26588B-2315-4A5D-B6E5-5CD6D4A5D5BA}.Release|Any CPU.Build.0 = Release|Any CPU
		{19171D6A-E2FE-4022-A3AE-7D6352BB3250}.Debug|Any CPU.ActiveCfg = Debug|Any CPU
		{19171D6A-E2FE-4022-A3AE-7D6352BB3250}.Debug|Any CPU.Build.0 = Debug|Any CPU
		{19171D6A-E2FE-4022-A3AE-7D6352BB3250}.Release|Any CPU.ActiveCfg = Release|Any CPU
		{19171D6A-E2FE-4022-A3AE-7D6352BB3250}.Release|Any CPU.Build.0 = Release|Any CPU
	EndGlobalSection
	GlobalSection(SolutionProperties) = preSolution
		HideSolutionNode = FALSE
	EndGlobalSection
	GlobalSection(NestedProjects) = preSolution
		{0B98D893-AEF7-476E-AAE8-2541CFE9DFD7} = {C670F48F-0086-425B-A973-1C3DFA9EB550}
		{9A26588B-2315-4A5D-B6E5-5CD6D4A5D5BA} = {C670F48F-0086-425B-A973-1C3DFA9EB550}
		{19171D6A-E2FE-4022-A3AE-7D6352BB3250} = {C670F48F-0086-425B-A973-1C3DFA9EB550}
	EndGlobalSection
	GlobalSection(ExtensibilityGlobals) = postSolution
		SolutionGuid = {0419F2A8-6128-4D4C-9B5D-0D8F6C2EEA42}
	EndGlobalSection
EndGlobal
